# This file is autogenerated, do not edit; changes may be undone by the next 'dep ensure'.


[[projects]]
  branch = "master"
  name = "github.com/ajstarks/svgo"
  packages = ["."]
  revision = "6ce6a3bcf6cde6c5007887677ebd148ec30f42a4"

[[projects]]
  branch = "master"
  name = "github.com/golang/freetype"
  packages = [".","raster","truetype"]
  revision = "e2365dfdc4a05e4b8299a783240d4a7d5a65d4e4"

[[projects]]
  name = "github.com/jung-kurt/gofpdf"
  packages = ["."]
  revision = "14c1db30737a138f8d9797cffea58783892b2fae"
  version = "v1.0.0"

[[projects]]
  branch = "master"
  name = "github.com/llgcode/draw2d"
  packages = [".","draw2dbase","draw2dimg"]
  revision = "f52c8a71aff06ab8df41843d33ab167b36c971cd"

[[projects]]
  branch = "master"
  name = "golang.org/x/image"
  packages = ["draw","font","math/f64","math/fixed","tiff","tiff/lzw"]
  revision = "2a2258ff36e99cf9156acfc715e3f83d47d6f0fd"

[[projects]]
  branch = "master"
  name = "gonum.org/v1/gonum"
  packages = ["blas","blas/blas64","blas/gonum","floats","internal/asm/c128","internal/asm/f32","internal/asm/f64","internal/math32","lapack","lapack/gonum","lapack/lapack64","mat"]
  revision = "acd85591b9169151f6e550ceff8c2931f55b08a7"

[[projects]]
  branch = "master"
  name = "gonum.org/v1/plot"
  packages = [".","palette","plotter","tools/bezier","vg","vg/draw","vg/fonts","vg/vgeps","vg/vgimg","vg/vgpdf","vg/vgsvg"]
  revision = "4632fe2bf7c66a9602ea7e74ba77215980eee2af"

[solve-meta]
  analyzer-name = "dep"
  analyzer-version = 1
  inputs-digest = "fac1ad3b74c279b902fbe3c2e430c58a8cd693788983c3e350130f545a26a593"
  solver-name = "gps-cdcl"
  solver-version = 1
